
Microsoft Visual Studio Solution File, Format Version 12.00
# Visual Studio Version 16
VisualStudioVersion = 16.0.31727.386
MinimumVisualStudioVersion = 10.0.40219.1
Project("{FAE04EC0-301F-11D3-BF4B-00C04F79EFBC}") = "CollateralForLoans", "CollateralForLoans\CollateralForLoans.csproj", "{7578392C-C55A-41B4-8BA8-D0C4E052E008}"
EndProject
Global
	GlobalSection(SolutionConfigurationPlatforms) = preSolution
		Debug|Any CPU = Debug|Any CPU
		Release|Any CPU = Release|Any CPU
	EndGlobalSection
	GlobalSection(ProjectConfigurationPlatforms) = postSolution
		{7578392C-C55A-41B4-8BA8-D0C4E052E008}.Debug|Any CPU.ActiveCfg = Debug|Any CPU
		{7578392C-C55A-41B4-8BA8-D0C4E052E008}.Debug|Any CPU.Build.0 = Debug|Any CPU
		{7578392C-C55A-41B4-8BA8-D0C4E052E008}.Release|Any CPU.ActiveCfg = Release|Any CPU
		{7578392C-C55A-41B4-8BA8-D0C4E052E008}.Release|Any CPU.Build.0 = Release|Any CPU
	EndGlobalSection
	GlobalSection(SolutionProperties) = preSolution
		HideSolutionNode = FALSE
	EndGlobalSection
	GlobalSection(ExtensibilityGlobals) = postSolution
		SolutionGuid = {F62AACCE-89E5-42A6-9A5A-AA888EDDDAAE}
	EndGlobalSection
EndGlobal
